
Microsoft Visual Studio Solution File, Format Version 12.00
# Visual Studio Version 17
VisualStudioVersion = 17.11.35327.3
MinimumVisualStudioVersion = 10.0.40219.1
Project("{FAE04EC0-301F-11D3-BF4B-00C04F79EFBC}") = "MauiCalculator", "MauiApp1\MauiCalculator.csproj", "{400D46AA-DCE7-4D54-9EEA-F46A240F0A7C}"
EndProject
Global
	GlobalSection(SolutionConfigurationPlatforms) = preSolution
		Debug|Any CPU = Debug|Any CPU
		Release|Any CPU = Release|Any CPU
	EndGlobalSection
	GlobalSection(ProjectConfigurationPlatforms) = postSolution
		{400D46AA-DCE7-4D54-9EEA-F46A240F0A7C}.Debug|Any CPU.ActiveCfg = Debug|Any CPU
		{400D46AA-DCE7-4D54-9EEA-F46A240F0A7C}.Debug|Any CPU.Build.0 = Debug|Any CPU
		{400D46AA-DCE7-4D54-9EEA-F46A240F0A7C}.Debug|Any CPU.Deploy.0 = Debug|Any CPU
		{400D46AA-DCE7-4D54-9EEA-F46A240F0A7C}.Release|Any CPU.ActiveCfg = Release|Any CPU
		{400D46AA-DCE7-4D54-9EEA-F46A240F0A7C}.Release|Any CPU.Build.0 = Release|Any CPU
		{400D46AA-DCE7-4D54-9EEA-F46A240F0A7C}.Release|Any CPU.Deploy.0 = Release|Any CPU
	EndGlobalSection
	GlobalSection(SolutionProperties) = preSolution
		HideSolutionNode = FALSE
	EndGlobalSection
	GlobalSection(ExtensibilityGlobals) = postSolution
		SolutionGuid = {BF5690D2-3305-4804-ACC9-8343AA8BC05B}
	EndGlobalSection
EndGlobal
